
Microsoft Visual Studio Solution File, Format Version 12.00
# Visual Studio Version 17
VisualStudioVersion = 17.8.34330.188
MinimumVisualStudioVersion = 10.0.40219.1
Project("{9A19103F-16F7-4668-BE54-9A1E7A4F7556}") = "ConsoleApp1", "ConsoleApp1\ConsoleApp1.csproj", "{4142AD84-76CA-4B5E-8ABE-20C10BF58FAA}"
EndProject
Project("{FAE04EC0-301F-11D3-BF4B-00C04F79EFBC}") = "ConsoleApp2", "ConsoleApp2\ConsoleApp2.csproj", "{7E061411-09C4-450E-83BC-A830353E5780}"
EndProject
Global
	GlobalSection(SolutionConfigurationPlatforms) = preSolution
		Debug|Any CPU = Debug|Any CPU
		Release|Any CPU = Release|Any CPU
	EndGlobalSection
	GlobalSection(ProjectConfigurationPlatforms) = postSolution
		{4142AD84-76CA-4B5E-8ABE-20C10BF58FAA}.Debug|Any CPU.ActiveCfg = Debug|Any CPU
		{4142AD84-76CA-4B5E-8ABE-20C10BF58FAA}.Debug|Any CPU.Build.0 = Debug|Any CPU
		{4142AD84-76CA-4B5E-8ABE-20C10BF58FAA}.Release|Any CPU.ActiveCfg = Release|Any CPU
		{4142AD84-76CA-4B5E-8ABE-20C10BF58FAA}.Release|Any CPU.Build.0 = Release|Any CPU
		{7E061411-09C4-450E-83BC-A830353E5780}.Debug|Any CPU.ActiveCfg = Debug|Any CPU
		{7E061411-09C4-450E-83BC-A830353E5780}.Debug|Any CPU.Build.0 = Debug|Any CPU
		{7E061411-09C4-450E-83BC-A830353E5780}.Release|Any CPU.ActiveCfg = Release|Any CPU
		{7E061411-09C4-450E-83BC-A830353E5780}.Release|Any CPU.Build.0 = Release|Any CPU
	EndGlobalSection
	GlobalSection(SolutionProperties) = preSolution
		HideSolutionNode = FALSE
	EndGlobalSection
	GlobalSection(ExtensibilityGlobals) = postSolution
		SolutionGuid = {714E6692-75F6-4D7A-9BA3-12001ADF0BF5}
	EndGlobalSection
EndGlobal
